version = 1
revision = 2
requires-python = ">=3.12"

[[package]]
name = "click"
version = "8.2.1"
source = { registry = "https://pypi.org/simple" }
dependencies = [
    { name = "colorama", marker = "sys_platform == 'win32'" },
]
sdist = { url = "https://files.pythonhosted.org/packages/60/6c/8ca2efa64cf75a977a0d7fac081354553ebe483345c734fb6b6515d96bbc/click-8.2.1.tar.gz", hash = "sha256:27c491cc05d968d271d5a1db13e3b5a184636d9d930f148c50b038f0d0646202", size = 286342, upload-time = "2025-05-20T23:19:49.832Z" }
wheels = [
    { url = "https://files.pythonhosted.org/packages/85/32/10bb5764d90a8eee674e9dc6f4db6a0ab47c8c4d0d83c27f7c39ac415a4d/click-8.2.1-py3-none-any.whl", hash = "sha256:61a3265b914e850b85317d0b3109c7f8cd35a670f963866005d6ef1d5175a12b", size = 102215, upload-time = "2025-05-20T23:19:47.796Z" },
]

[[package]]
name = "colorama"
version = "0.4.6"
source = { registry = "https://pypi.org/simple" }
sdist = { url = "https://files.pythonhosted.org/packages/d8/53/6f443c9a4a8358a93a6792e2acffb9d9d5cb0a5cfd8802644b7b1c9a02e4/colorama-0.4.6.tar.gz", hash = "sha256:08695f5cb7ed6e0531a20572697297273c47b8cae5a63ffc6d6ed5c201be6e44", size = 27697, upload-time = "2022-10-25T02:36:22.414Z" }
wheels = [
    { url = "https://files.pythonhosted.org/packages/d1/d6/3965ed04c63042e047cb6a3e6ed1a63a35087b6a609aa3a15ed8ac56c221/colorama-0.4.6-py2.py3-none-any.whl", hash = "sha256:4f1d9991f5acc0ca119f9d443620b77f9d6b33703e51011c16baf57afb285fc6", size = 25335, upload-time = "2022-10-25T02:36:20.889Z" },
]

[[package]]
name = "iniconfig"
version = "2.1.0"
source = { registry = "https://pypi.org/simple" }
sdist = { url = "https://files.pythonhosted.org/packages/f2/97/ebf4da567aa6827c909642694d71c9fcf53e5b504f2d96afea02718862f3/iniconfig-2.1.0.tar.gz", hash = "sha256:3abbd2e30b36733fee78f9c7f7308f2d0050e88f0087fd25c2645f63c773e1c7", size = 4793, upload-time = "2025-03-19T20:09:59.721Z" }
wheels = [
    { url = "https://files.pythonhosted.org/packages/2c/e1/e6716421ea10d38022b952c159d5161ca1193197fb744506875fbb87ea7b/iniconfig-2.1.0-py3-none-any.whl", hash = "sha256:9deba5723312380e77435581c6bf4935c94cbfab9b1ed33ef8d238ea168eb760", size = 6050, upload-time = "2025-03-19T20:10:01.071Z" },
]

[[package]]
name = "joblib"
version = "1.5.1"
source = { registry = "https://pypi.org/simple" }
sdist = { url = "https://files.pythonhosted.org/packages/dc/fe/0f5a938c54105553436dbff7a61dc4fed4b1b2c98852f8833beaf4d5968f/joblib-1.5.1.tar.gz", hash = "sha256:f4f86e351f39fe3d0d32a9f2c3d8af1ee4cec285aafcb27003dda5205576b444", size = 330475, upload-time = "2025-05-23T12:04:37.097Z" }
wheels = [
    { url = "https://files.pythonhosted.org/packages/7d/4f/1195bbac8e0c2acc5f740661631d8d750dc38d4a32b23ee5df3cde6f4e0d/joblib-1.5.1-py3-none-any.whl", hash = "sha256:4719a31f054c7d766948dcd83e9613686b27114f190f717cec7eaa2084f8a74a", size = 307746, upload-time = "2025-05-23T12:04:35.124Z" },
]

[[package]]
name = "nltk"
version = "3.9.1"
source = { registry = "https://pypi.org/simple" }
dependencies = [
    { name = "click" },
    { name = "joblib" },
    { name = "regex" },
    { name = "tqdm" },
]
sdist = { url = "https://files.pythonhosted.org/packages/3c/87/db8be88ad32c2d042420b6fd9ffd4a149f9a0d7f0e86b3f543be2eeeedd2/nltk-3.9.1.tar.gz", hash = "sha256:87d127bd3de4bd89a4f81265e5fa59cb1b199b27440175370f7417d2bc7ae868", size = 2904691, upload-time = "2024-08-18T19:48:37.769Z" }
wheels = [
    { url = "https://files.pythonhosted.org/packages/4d/66/7d9e26593edda06e8cb531874633f7c2372279c3b0f46235539fe546df8b/nltk-3.9.1-py3-none-any.whl", hash = "sha256:4fa26829c5b00715afe3061398a8989dc643b92ce7dd93fb4585a70930d168a1", size = 1505442, upload-time = "2024-08-18T19:48:21.909Z" },
]

[[package]]
name = "numpy"
version = "2.3.1"
source = { registry = "https://pypi.org/simple" }
sdist = { url = "https://files.pythonhosted.org/packages/2e/19/d7c972dfe90a353dbd3efbbe1d14a5951de80c99c9dc1b93cd998d51dc0f/numpy-2.3.1.tar.gz", hash = "sha256:1ec9ae20a4226da374362cca3c62cd753faf2f951440b0e3b98e93c235441d2b", size = 20390372, upload-time = "2025-06-21T12:28:33.469Z" }
wheels = [
    { url = "https://files.pythonhosted.org/packages/c6/56/71ad5022e2f63cfe0ca93559403d0edef14aea70a841d640bd13cdba578e/numpy-2.3.1-cp312-cp312-macosx_10_13_x86_64.whl", hash = "sha256:2959d8f268f3d8ee402b04a9ec4bb7604555aeacf78b360dc4ec27f1d508177d", size = 20896664, upload-time = "2025-06-21T12:15:30.845Z" },
    { url = "https://files.pythonhosted.org/packages/25/65/2db52ba049813670f7f987cc5db6dac9be7cd95e923cc6832b3d32d87cef/numpy-2.3.1-cp312-cp312-macosx_11_0_arm64.whl", hash = "sha256:762e0c0c6b56bdedfef9a8e1d4538556438288c4276901ea008ae44091954e29", size = 14131078, upload-time = "2025-06-21T12:15:52.23Z" },
    { url = "https://files.pythonhosted.org/packages/57/dd/28fa3c17b0e751047ac928c1e1b6990238faad76e9b147e585b573d9d1bd/numpy-2.3.1-cp312-cp312-macosx_14_0_arm64.whl", hash = "sha256:867ef172a0976aaa1f1d1b63cf2090de8b636a7674607d514505fb7276ab08fc", size = 5112554, upload-time = "2025-06-21T12:16:01.434Z" },
    { url = "https://files.pythonhosted.org/packages/c9/fc/84ea0cba8e760c4644b708b6819d91784c290288c27aca916115e3311d17/numpy-2.3.1-cp312-cp312-macosx_14_0_x86_64.whl", hash = "sha256:4e602e1b8682c2b833af89ba641ad4176053aaa50f5cacda1a27004352dde943", size = 6646560, upload-time = "2025-06-21T12:16:11.895Z" },
    { url = "https://files.pythonhosted.org/packages/61/b2/512b0c2ddec985ad1e496b0bd853eeb572315c0f07cd6997473ced8f15e2/numpy-2.3.1-cp312-cp312-manylinux_2_28_aarch64.whl", hash = "sha256:8e333040d069eba1652fb08962ec5b76af7f2c7bce1df7e1418c8055cf776f25", size = 14260638, upload-time = "2025-06-21T12:16:32.611Z" },
    { url = "https://files.pythonhosted.org/packages/6e/45/c51cb248e679a6c6ab14b7a8e3ead3f4a3fe7425fc7a6f98b3f147bec532/numpy-2.3.1-cp312-cp312-manylinux_2_28_x86_64.whl", hash = "sha256:e7cbf5a5eafd8d230a3ce356d892512185230e4781a361229bd902ff403bc660", size = 16632729, upload-time = "2025-06-21T12:16:57.439Z" },
    { url = "https://files.pythonhosted.org/packages/e4/ff/feb4be2e5c09a3da161b412019caf47183099cbea1132fd98061808c2df2/numpy-2.3.1-cp312-cp312-musllinux_1_2_aarch64.whl", hash = "sha256:5f1b8f26d1086835f442286c1d9b64bb3974b0b1e41bb105358fd07d20872952", size = 15565330, upload-time = "2025-06-21T12:17:20.638Z" },
    { url = "https://files.pythonhosted.org/packages/bc/6d/ceafe87587101e9ab0d370e4f6e5f3f3a85b9a697f2318738e5e7e176ce3/numpy-2.3.1-cp312-cp312-musllinux_1_2_x86_64.whl", hash = "sha256:ee8340cb48c9b7a5899d1149eece41ca535513a9698098edbade2a8e7a84da77", size = 18361734, upload-time = "2025-06-21T12:17:47.938Z" },
    { url = "https://files.pythonhosted.org/packages/2b/19/0fb49a3ea088be691f040c9bf1817e4669a339d6e98579f91859b902c636/numpy-2.3.1-cp312-cp312-win32.whl", hash = "sha256:e772dda20a6002ef7061713dc1e2585bc1b534e7909b2030b5a46dae8ff077ab", size = 6320411, upload-time = "2025-06-21T12:17:58.475Z" },
    { url = "https://files.pythonhosted.org/packages/b1/3e/e28f4c1dd9e042eb57a3eb652f200225e311b608632bc727ae378623d4f8/numpy-2.3.1-cp312-cp312-win_amd64.whl", hash = "sha256:cfecc7822543abdea6de08758091da655ea2210b8ffa1faf116b940693d3df76", size = 12734973, upload-time = "2025-06-21T12:18:17.601Z" },
    { url = "https://files.pythonhosted.org/packages/04/a8/8a5e9079dc722acf53522b8f8842e79541ea81835e9b5483388701421073/numpy-2.3.1-cp312-cp312-win_arm64.whl", hash = "sha256:7be91b2239af2658653c5bb6f1b8bccafaf08226a258caf78ce44710a0160d30", size = 10191491, upload-time = "2025-06-21T12:18:33.585Z" },
    { url = "https://files.pythonhosted.org/packages/d4/bd/35ad97006d8abff8631293f8ea6adf07b0108ce6fec68da3c3fcca1197f2/numpy-2.3.1-cp313-cp313-macosx_10_13_x86_64.whl", hash = "sha256:25a1992b0a3fdcdaec9f552ef10d8103186f5397ab45e2d25f8ac51b1a6b97e8", size = 20889381, upload-time = "2025-06-21T12:19:04.103Z" },
    { url = "https://files.pythonhosted.org/packages/f1/4f/df5923874d8095b6062495b39729178eef4a922119cee32a12ee1bd4664c/numpy-2.3.1-cp313-cp313-macosx_11_0_arm64.whl", hash = "sha256:7dea630156d39b02a63c18f508f85010230409db5b2927ba59c8ba4ab3e8272e", size = 14152726, upload-time = "2025-06-21T12:19:25.599Z" },
    { url = "https://files.pythonhosted.org/packages/8c/0f/a1f269b125806212a876f7efb049b06c6f8772cf0121139f97774cd95626/numpy-2.3.1-cp313-cp313-macosx_14_0_arm64.whl", hash = "sha256:bada6058dd886061f10ea15f230ccf7dfff40572e99fef440a4a857c8728c9c0", size = 5105145, upload-time = "2025-06-21T12:19:34.782Z" },
    { url = "https://files.pythonhosted.org/packages/6d/63/a7f7fd5f375b0361682f6ffbf686787e82b7bbd561268e4f30afad2bb3c0/numpy-2.3.1-cp313-cp313-macosx_14_0_x86_64.whl", hash = "sha256:a894f3816eb17b29e4783e5873f92faf55b710c2519e5c351767c51f79d8526d", size = 6639409, upload-time = "2025-06-21T12:19:45.228Z" },
    { url = "https://files.pythonhosted.org/packages/bf/0d/1854a4121af895aab383f4aa233748f1df4671ef331d898e32426756a8a6/numpy-2.3.1-cp313-cp313-manylinux_2_28_aarch64.whl", hash = "sha256:18703df6c4a4fee55fd3d6e5a253d01c5d33a295409b03fda0c86b3ca2ff41a1", size = 14257630, upload-time = "2025-06-21T12:20:06.544Z" },
    { url = "https://files.pythonhosted.org/packages/50/30/af1b277b443f2fb08acf1c55ce9d68ee540043f158630d62cef012750f9f/numpy-2.3.1-cp313-cp313-manylinux_2_28_x86_64.whl", hash = "sha256:5902660491bd7a48b2ec16c23ccb9124b8abfd9583c5fdfa123fe6b421e03de1", size = 16627546, upload-time = "2025-06-21T12:20:31.002Z" },
    { url = "https://files.pythonhosted.org/packages/6e/ec/3b68220c277e463095342d254c61be8144c31208db18d3fd8ef02712bcd6/numpy-2.3.1-cp313-cp313-musllinux_1_2_aarch64.whl", hash = "sha256:36890eb9e9d2081137bd78d29050ba63b8dab95dff7912eadf1185e80074b2a0", size = 15562538, upload-time = "2025-06-21T12:20:54.322Z" },
    { url = "https://files.pythonhosted.org/packages/77/2b/4014f2bcc4404484021c74d4c5ee8eb3de7e3f7ac75f06672f8dcf85140a/numpy-2.3.1-cp313-cp313-musllinux_1_2_x86_64.whl", hash = "sha256:a780033466159c2270531e2b8ac063704592a0bc62ec4a1b991c7c40705eb0e8", size = 18360327, upload-time = "2025-06-21T12:21:21.053Z" },
    { url = "https://files.pythonhosted.org/packages/40/8d/2ddd6c9b30fcf920837b8672f6c65590c7d92e43084c25fc65edc22e93ca/numpy-2.3.1-cp313-cp313-win32.whl", hash = "sha256:39bff12c076812595c3a306f22bfe49919c5513aa1e0e70fac756a0be7c2a2b8", size = 6312330, upload-time = "2025-06-21T12:25:07.447Z" },
    { url = "https://files.pythonhosted.org/packages/dd/c8/beaba449925988d415efccb45bf977ff8327a02f655090627318f6398c7b/numpy-2.3.1-cp313-cp313-win_amd64.whl", hash = "sha256:8d5ee6eec45f08ce507a6570e06f2f879b374a552087a4179ea7838edbcbfa42", size = 12731565, upload-time = "2025-06-21T12:25:26.444Z" },
    { url = "https://files.pythonhosted.org/packages/0b/c3/5c0c575d7ec78c1126998071f58facfc124006635da75b090805e642c62e/numpy-2.3.1-cp313-cp313-win_arm64.whl", hash = "sha256:0c4d9e0a8368db90f93bd192bfa771ace63137c3488d198ee21dfb8e7771916e", size = 10190262, upload-time = "2025-06-21T12:25:42.196Z" },
    { url = "https://files.pythonhosted.org/packages/ea/19/a029cd335cf72f79d2644dcfc22d90f09caa86265cbbde3b5702ccef6890/numpy-2.3.1-cp313-cp313t-macosx_10_13_x86_64.whl", hash = "sha256:b0b5397374f32ec0649dd98c652a1798192042e715df918c20672c62fb52d4b8", size = 20987593, upload-time = "2025-06-21T12:21:51.664Z" },
    { url = "https://files.pythonhosted.org/packages/25/91/8ea8894406209107d9ce19b66314194675d31761fe2cb3c84fe2eeae2f37/numpy-2.3.1-cp313-cp313t-macosx_11_0_arm64.whl", hash = "sha256:c5bdf2015ccfcee8253fb8be695516ac4457c743473a43290fd36eba6a1777eb", size = 14300523, upload-time = "2025-06-21T12:22:13.583Z" },
    { url = "https://files.pythonhosted.org/packages/a6/7f/06187b0066eefc9e7ce77d5f2ddb4e314a55220ad62dd0bfc9f2c44bac14/numpy-2.3.1-cp313-cp313t-macosx_14_0_arm64.whl", hash = "sha256:d70f20df7f08b90a2062c1f07737dd340adccf2068d0f1b9b3d56e2038979fee", size = 5227993, upload-time = "2025-06-21T12:22:22.53Z" },
    { url = "https://files.pythonhosted.org/packages/e8/ec/a926c293c605fa75e9cfb09f1e4840098ed46d2edaa6e2152ee35dc01ed3/numpy-2.3.1-cp313-cp313t-macosx_14_0_x86_64.whl", hash = "sha256:2fb86b7e58f9ac50e1e9dd1290154107e47d1eef23a0ae9145ded06ea606f992", size = 6736652, upload-time = "2025-06-21T12:22:33.629Z" },
    { url = "https://files.pythonhosted.org/packages/e3/62/d68e52fb6fde5586650d4c0ce0b05ff3a48ad4df4ffd1b8866479d1d671d/numpy-2.3.1-cp313-cp313t-manylinux_2_28_aarch64.whl", hash = "sha256:23ab05b2d241f76cb883ce8b9a93a680752fbfcbd51c50eff0b88b979e471d8c", size = 14331561, upload-time = "2025-06-21T12:22:55.056Z" },
    { url = "https://files.pythonhosted.org/packages/fc/ec/b74d3f2430960044bdad6900d9f5edc2dc0fb8bf5a0be0f65287bf2cbe27/numpy-2.3.1-cp313-cp313t-manylinux_2_28_x86_64.whl", hash = "sha256:ce2ce9e5de4703a673e705183f64fd5da5bf36e7beddcb63a25ee2286e71ca48", size = 16693349, upload-time = "2025-06-21T12:23:20.53Z" },
    { url = "https://files.pythonhosted.org/packages/0d/15/def96774b9d7eb198ddadfcbd20281b20ebb510580419197e225f5c55c3e/numpy-2.3.1-cp313-cp313t-musllinux_1_2_aarch64.whl", hash = "sha256:c4913079974eeb5c16ccfd2b1f09354b8fed7e0d6f2cab933104a09a6419b1ee", size = 15642053, upload-time = "2025-06-21T12:23:43.697Z" },
    { url = "https://files.pythonhosted.org/packages/2b/57/c3203974762a759540c6ae71d0ea2341c1fa41d84e4971a8e76d7141678a/numpy-2.3.1-cp313-cp313t-musllinux_1_2_x86_64.whl", hash = "sha256:010ce9b4f00d5c036053ca684c77441f2f2c934fd23bee058b4d6f196efd8280", size = 18434184, upload-time = "2025-06-21T12:24:10.708Z" },
    { url = "https://files.pythonhosted.org/packages/22/8a/ccdf201457ed8ac6245187850aff4ca56a79edbea4829f4e9f14d46fa9a5/numpy-2.3.1-cp313-cp313t-win32.whl", hash = "sha256:6269b9edfe32912584ec496d91b00b6d34282ca1d07eb10e82dfc780907d6c2e", size = 6440678, upload-time = "2025-06-21T12:24:21.596Z" },
    { url = "https://files.pythonhosted.org/packages/f1/7e/7f431d8bd8eb7e03d79294aed238b1b0b174b3148570d03a8a8a8f6a0da9/numpy-2.3.1-cp313-cp313t-win_amd64.whl", hash = "sha256:2a809637460e88a113e186e87f228d74ae2852a2e0c44de275263376f17b5bdc", size = 12870697, upload-time = "2025-06-21T12:24:40.644Z" },
    { url = "https://files.pythonhosted.org/packages/d4/ca/af82bf0fad4c3e573c6930ed743b5308492ff19917c7caaf2f9b6f9e2e98/numpy-2.3.1-cp313-cp313t-win_arm64.whl", hash = "sha256:eccb9a159db9aed60800187bc47a6d3451553f0e1b08b068d8b277ddfbb9b244", size = 10260376, upload-time = "2025-06-21T12:24:56.884Z" },
]

[[package]]
name = "packaging"
version = "25.0"
source = { registry = "https://pypi.org/simple" }
sdist = { url = "https://files.pythonhosted.org/packages/a1/d4/1fc4078c65507b51b96ca8f8c3ba19e6a61c8253c72794544580a7b6c24d/packaging-25.0.tar.gz", hash = "sha256:d443872c98d677bf60f6a1f2f8c1cb748e8fe762d2bf9d3148b5599295b0fc4f", size = 165727, upload-time = "2025-04-19T11:48:59.673Z" }
wheels = [
    { url = "https://files.pythonhosted.org/packages/20/12/38679034af332785aac8774540895e234f4d07f7545804097de4b666afd8/packaging-25.0-py3-none-any.whl", hash = "sha256:29572ef2b1f17581046b3a2227d5c611fb25ec70ca1ba8554b24b0e69331a484", size = 66469, upload-time = "2025-04-19T11:48:57.875Z" },
]

[[package]]
name = "pluggy"
version = "1.6.0"
source = { registry = "https://pypi.org/simple" }
sdist = { url = "https://files.pythonhosted.org/packages/f9/e2/3e91f31a7d2b083fe6ef3fa267035b518369d9511ffab804f839851d2779/pluggy-1.6.0.tar.gz", hash = "sha256:7dcc130b76258d33b90f61b658791dede3486c3e6bfb003ee5c9bfb396dd22f3", size = 69412, upload-time = "2025-05-15T12:30:07.975Z" }
wheels = [
    { url = "https://files.pythonhosted.org/packages/54/20/4d324d65cc6d9205fabedc306948156824eb9f0ee1633355a8f7ec5c66bf/pluggy-1.6.0-py3-none-any.whl", hash = "sha256:e920276dd6813095e9377c0bc5566d94c932c33b27a3e3945d8389c374dd4746", size = 20538, upload-time = "2025-05-15T12:30:06.134Z" },
]

[[package]]
name = "pygments"
version = "2.19.2"
source = { registry = "https://pypi.org/simple" }
sdist = { url = "https://files.pythonhosted.org/packages/b0/77/a5b8c569bf593b0140bde72ea885a803b82086995367bf2037de0159d924/pygments-2.19.2.tar.gz", hash = "sha256:636cb2477cec7f8952536970bc533bc43743542f70392ae026374600add5b887", size = 4968631, upload-time = "2025-06-21T13:39:12.283Z" }
wheels = [
    { url = "https://files.pythonhosted.org/packages/c7/21/705964c7812476f378728bdf590ca4b771ec72385c533964653c68e86bdc/pygments-2.19.2-py3-none-any.whl", hash = "sha256:86540386c03d588bb81d44bc3928634ff26449851e99741617ecb9037ee5ec0b", size = 1225217, upload-time = "2025-06-21T13:39:07.939Z" },
]

[[package]]
name = "pytest"
version = "8.4.1"
source = { registry = "https://pypi.org/simple" }
dependencies = [
    { name = "colorama", marker = "sys_platform == 'win32'" },
    { name = "iniconfig" },
    { name = "packaging" },
    { name = "pluggy" },
    { name = "pygments" },
]
sdist = { url = "https://files.pythonhosted.org/packages/08/ba/45911d754e8eba3d5a841a5ce61a65a685ff1798421ac054f85aa8747dfb/pytest-8.4.1.tar.gz", hash = "sha256:7c67fd69174877359ed9371ec3af8a3d2b04741818c51e5e99cc1742251fa93c", size = 1517714, upload-time = "2025-06-18T05:48:06.109Z" }
wheels = [
    { url = "https://files.pythonhosted.org/packages/29/16/c8a903f4c4dffe7a12843191437d7cd8e32751d5de349d45d3fe69544e87/pytest-8.4.1-py3-none-any.whl", hash = "sha256:539c70ba6fcead8e78eebbf1115e8b589e7565830d7d006a8723f19ac8a0afb7", size = 365474, upload-time = "2025-06-18T05:48:03.955Z" },
]

[[package]]
name = "regex"
version = "2024.11.6"
source = { registry = "https://pypi.org/simple" }
sdist = { url = "https://files.pythonhosted.org/packages/8e/5f/bd69653fbfb76cf8604468d3b4ec4c403197144c7bfe0e6a5fc9e02a07cb/regex-2024.11.6.tar.gz", hash = "sha256:7ab159b063c52a0333c884e4679f8d7a85112ee3078fe3d9004b2dd875585519", size = 399494, upload-time = "2024-11-06T20:12:31.635Z" }
wheels = [
    { url = "https://files.pythonhosted.org/packages/ba/30/9a87ce8336b172cc232a0db89a3af97929d06c11ceaa19d97d84fa90a8f8/regex-2024.11.6-cp312-cp312-macosx_10_13_universal2.whl", hash = "sha256:52fb28f528778f184f870b7cf8f225f5eef0a8f6e3778529bdd40c7b3920796a", size = 483781, upload-time = "2024-11-06T20:10:07.07Z" },
    { url = "https://files.pythonhosted.org/packages/01/e8/00008ad4ff4be8b1844786ba6636035f7ef926db5686e4c0f98093612add/regex-2024.11.6-cp312-cp312-macosx_10_13_x86_64.whl", hash = "sha256:fdd6028445d2460f33136c55eeb1f601ab06d74cb3347132e1c24250187500d9", size = 288455, upload-time = "2024-11-06T20:10:09.117Z" },
    { url = "https://files.pythonhosted.org/packages/60/85/cebcc0aff603ea0a201667b203f13ba75d9fc8668fab917ac5b2de3967bc/regex-2024.11.6-cp312-cp312-macosx_11_0_arm64.whl", hash = "sha256:805e6b60c54bf766b251e94526ebad60b7de0c70f70a4e6210ee2891acb70bf2", size = 284759, upload-time = "2024-11-06T20:10:11.155Z" },
    { url = "https://files.pythonhosted.org/packages/94/2b/701a4b0585cb05472a4da28ee28fdfe155f3638f5e1ec92306d924e5faf0/regex-2024.11.6-cp312-cp312-manylinux_2_17_aarch64.manylinux2014_aarch64.whl", hash = "sha256:b85c2530be953a890eaffde05485238f07029600e8f098cdf1848d414a8b45e4", size = 794976, upload-time = "2024-11-06T20:10:13.24Z" },
    { url = "https://files.pythonhosted.org/packages/4b/bf/fa87e563bf5fee75db8915f7352e1887b1249126a1be4813837f5dbec965/regex-2024.11.6-cp312-cp312-manylinux_2_17_ppc64le.manylinux2014_ppc64le.whl", hash = "sha256:bb26437975da7dc36b7efad18aa9dd4ea569d2357ae6b783bf1118dabd9ea577", size = 833077, upload-time = "2024-11-06T20:10:15.37Z" },
    { url = "https://files.pythonhosted.org/packages/a1/56/7295e6bad94b047f4d0834e4779491b81216583c00c288252ef625c01d23/regex-2024.11.6-cp312-cp312-manylinux_2_17_s390x.manylinux2014_s390x.whl", hash = "sha256:abfa5080c374a76a251ba60683242bc17eeb2c9818d0d30117b4486be10c59d3", size = 823160, upload-time = "2024-11-06T20:10:19.027Z" },
    { url = "https://files.pythonhosted.org/packages/fb/13/e3b075031a738c9598c51cfbc4c7879e26729c53aa9cca59211c44235314/regex-2024.11.6-cp312-cp312-manylinux_2_17_x86_64.manylinux2014_x86_64.whl", hash = "sha256:70b7fa6606c2881c1db9479b0eaa11ed5dfa11c8d60a474ff0e095099f39d98e", size = 796896, upload-time = "2024-11-06T20:10:21.85Z" },
    { url = "https://files.pythonhosted.org/packages/24/56/0b3f1b66d592be6efec23a795b37732682520b47c53da5a32c33ed7d84e3/regex-2024.11.6-cp312-cp312-manylinux_2_5_i686.manylinux1_i686.manylinux_2_17_i686.manylinux2014_i686.whl", hash = "sha256:0c32f75920cf99fe6b6c539c399a4a128452eaf1af27f39bce8909c9a3fd8cbe", size = 783997, upload-time = "2024-11-06T20:10:24.329Z" },
    { url = "https://files.pythonhosted.org/packages/f9/a1/eb378dada8b91c0e4c5f08ffb56f25fcae47bf52ad18f9b2f33b83e6d498/regex-2024.11.6-cp312-cp312-musllinux_1_2_aarch64.whl", hash = "sha256:982e6d21414e78e1f51cf595d7f321dcd14de1f2881c5dc6a6e23bbbbd68435e", size = 781725, upload-time = "2024-11-06T20:10:28.067Z" },
    { url = "https://files.pythonhosted.org/packages/83/f2/033e7dec0cfd6dda93390089864732a3409246ffe8b042e9554afa9bff4e/regex-2024.11.6-cp312-cp312-musllinux_1_2_i686.whl", hash = "sha256:a7c2155f790e2fb448faed6dd241386719802296ec588a8b9051c1f5c481bc29", size = 789481, upload-time = "2024-11-06T20:10:31.612Z" },
    { url = "https://files.pythonhosted.org/packages/83/23/15d4552ea28990a74e7696780c438aadd73a20318c47e527b47a4a5a596d/regex-2024.11.6-cp312-cp312-musllinux_1_2_ppc64le.whl", hash = "sha256:149f5008d286636e48cd0b1dd65018548944e495b0265b45e1bffecce1ef7f39", size = 852896, upload-time = "2024-11-06T20:10:34.054Z" },
    { url = "https://files.pythonhosted.org/packages/e3/39/ed4416bc90deedbfdada2568b2cb0bc1fdb98efe11f5378d9892b2a88f8f/regex-2024.11.6-cp312-cp312-musllinux_1_2_s390x.whl", hash = "sha256:e5364a4502efca094731680e80009632ad6624084aff9a23ce8c8c6820de3e51", size = 860138, upload-time = "2024-11-06T20:10:36.142Z" },
    { url = "https://files.pythonhosted.org/packages/93/2d/dd56bb76bd8e95bbce684326302f287455b56242a4f9c61f1bc76e28360e/regex-2024.11.6-cp312-cp312-musllinux_1_2_x86_64.whl", hash = "sha256:0a86e7eeca091c09e021db8eb72d54751e527fa47b8d5787caf96d9831bd02ad", size = 787692, upload-time = "2024-11-06T20:10:38.394Z" },
    { url = "https://files.pythonhosted.org/packages/0b/55/31877a249ab7a5156758246b9c59539abbeba22461b7d8adc9e8475ff73e/regex-2024.11.6-cp312-cp312-win32.whl", hash = "sha256:32f9a4c643baad4efa81d549c2aadefaeba12249b2adc5af541759237eee1c54", size = 262135, upload-time = "2024-11-06T20:10:40.367Z" },
    { url = "https://files.pythonhosted.org/packages/38/ec/ad2d7de49a600cdb8dd78434a1aeffe28b9d6fc42eb36afab4a27ad23384/regex-2024.11.6-cp312-cp312-win_amd64.whl", hash = "sha256:a93c194e2df18f7d264092dc8539b8ffb86b45b899ab976aa15d48214138e81b", size = 273567, upload-time = "2024-11-06T20:10:43.467Z" },
    { url = "https://files.pythonhosted.org/packages/90/73/bcb0e36614601016552fa9344544a3a2ae1809dc1401b100eab02e772e1f/regex-2024.11.6-cp313-cp313-macosx_10_13_universal2.whl", hash = "sha256:a6ba92c0bcdf96cbf43a12c717eae4bc98325ca3730f6b130ffa2e3c3c723d84", size = 483525, upload-time = "2024-11-06T20:10:45.19Z" },
    { url = "https://files.pythonhosted.org/packages/0f/3f/f1a082a46b31e25291d830b369b6b0c5576a6f7fb89d3053a354c24b8a83/regex-2024.11.6-cp313-cp313-macosx_10_13_x86_64.whl", hash = "sha256:525eab0b789891ac3be914d36893bdf972d483fe66551f79d3e27146191a37d4", size = 288324, upload-time = "2024-11-06T20:10:47.177Z" },
    { url = "https://files.pythonhosted.org/packages/09/c9/4e68181a4a652fb3ef5099e077faf4fd2a694ea6e0f806a7737aff9e758a/regex-2024.11.6-cp313-cp313-macosx_11_0_arm64.whl", hash = "sha256:086a27a0b4ca227941700e0b31425e7a28ef1ae8e5e05a33826e17e47fbfdba0", size = 284617, upload-time = "2024-11-06T20:10:49.312Z" },
    { url = "https://files.pythonhosted.org/packages/fc/fd/37868b75eaf63843165f1d2122ca6cb94bfc0271e4428cf58c0616786dce/regex-2024.11.6-cp313-cp313-manylinux_2_17_aarch64.manylinux2014_aarch64.whl", hash = "sha256:bde01f35767c4a7899b7eb6e823b125a64de314a8ee9791367c9a34d56af18d0", size = 795023, upload-time = "2024-11-06T20:10:51.102Z" },
    { url = "https://files.pythonhosted.org/packages/c4/7c/d4cd9c528502a3dedb5c13c146e7a7a539a3853dc20209c8e75d9ba9d1b2/regex-2024.11.6-cp313-cp313-manylinux_2_17_ppc64le.manylinux2014_ppc64le.whl", hash = "sha256:b583904576650166b3d920d2bcce13971f6f9e9a396c673187f49811b2769dc7", size = 833072, upload-time = "2024-11-06T20:10:52.926Z" },
    { url = "https://files.pythonhosted.org/packages/4f/db/46f563a08f969159c5a0f0e722260568425363bea43bb7ae370becb66a67/regex-2024.11.6-cp313-cp313-manylinux_2_17_s390x.manylinux2014_s390x.whl", hash = "sha256:1c4de13f06a0d54fa0d5ab1b7138bfa0d883220965a29616e3ea61b35d5f5fc7", size = 823130, upload-time = "2024-11-06T20:10:54.828Z" },
    { url = "https://files.pythonhosted.org/packages/db/60/1eeca2074f5b87df394fccaa432ae3fc06c9c9bfa97c5051aed70e6e00c2/regex-2024.11.6-cp313-cp313-manylinux_2_17_x86_64.manylinux2014_x86_64.whl", hash = "sha256:3cde6e9f2580eb1665965ce9bf17ff4952f34f5b126beb509fee8f4e994f143c", size = 796857, upload-time = "2024-11-06T20:10:56.634Z" },
    { url = "https://files.pythonhosted.org/packages/10/db/ac718a08fcee981554d2f7bb8402f1faa7e868c1345c16ab1ebec54b0d7b/regex-2024.11.6-cp313-cp313-manylinux_2_5_i686.manylinux1_i686.manylinux_2_17_i686.manylinux2014_i686.whl", hash = "sha256:0d7f453dca13f40a02b79636a339c5b62b670141e63efd511d3f8f73fba162b3", size = 784006, upload-time = "2024-11-06T20:10:59.369Z" },
    { url = "https://files.pythonhosted.org/packages/c2/41/7da3fe70216cea93144bf12da2b87367590bcf07db97604edeea55dac9ad/regex-2024.11.6-cp313-cp313-musllinux_1_2_aarch64.whl", hash = "sha256:59dfe1ed21aea057a65c6b586afd2a945de04fc7db3de0a6e3ed5397ad491b07", size = 781650, upload-time = "2024-11-06T20:11:02.042Z" },
    { url = "https://files.pythonhosted.org/packages/a7/d5/880921ee4eec393a4752e6ab9f0fe28009435417c3102fc413f3fe81c4e5/regex-2024.11.6-cp313-cp313-musllinux_1_2_i686.whl", hash = "sha256:b97c1e0bd37c5cd7902e65f410779d39eeda155800b65fc4d04cc432efa9bc6e", size = 789545, upload-time = "2024-11-06T20:11:03.933Z" },
    { url = "https://files.pythonhosted.org/packages/dc/96/53770115e507081122beca8899ab7f5ae28ae790bfcc82b5e38976df6a77/regex-2024.11.6-cp313-cp313-musllinux_1_2_ppc64le.whl", hash = "sha256:f9d1e379028e0fc2ae3654bac3cbbef81bf3fd571272a42d56c24007979bafb6", size = 853045, upload-time = "2024-11-06T20:11:06.497Z" },
    { url = "https://files.pythonhosted.org/packages/31/d3/1372add5251cc2d44b451bd94f43b2ec78e15a6e82bff6a290ef9fd8f00a/regex-2024.11.6-cp313-cp313-musllinux_1_2_s390x.whl", hash = "sha256:13291b39131e2d002a7940fb176e120bec5145f3aeb7621be6534e46251912c4", size = 860182, upload-time = "2024-11-06T20:11:09.06Z" },
    { url = "https://files.pythonhosted.org/packages/ed/e3/c446a64984ea9f69982ba1a69d4658d5014bc7a0ea468a07e1a1265db6e2/regex-2024.11.6-cp313-cp313-musllinux_1_2_x86_64.whl", hash = "sha256:4f51f88c126370dcec4908576c5a627220da6c09d0bff31cfa89f2523843316d", size = 787733, upload-time = "2024-11-06T20:11:11.256Z" },
    { url = "https://files.pythonhosted.org/packages/2b/f1/e40c8373e3480e4f29f2692bd21b3e05f296d3afebc7e5dcf21b9756ca1c/regex-2024.11.6-cp313-cp313-win32.whl", hash = "sha256:63b13cfd72e9601125027202cad74995ab26921d8cd935c25f09c630436348ff", size = 262122, upload-time = "2024-11-06T20:11:13.161Z" },
    { url = "https://files.pythonhosted.org/packages/45/94/bc295babb3062a731f52621cdc992d123111282e291abaf23faa413443ea/regex-2024.11.6-cp313-cp313-win_amd64.whl", hash = "sha256:2b3361af3198667e99927da8b84c1b010752fa4b1115ee30beaa332cabc3ef1a", size = 273545, upload-time = "2024-11-06T20:11:15Z" },
]

[[package]]
name = "scene-detection"
version = "0.1.0"
source = { virtual = "." }
dependencies = [
    { name = "nltk" },
    { name = "numpy" },
    { name = "pytest" },
]

[package.metadata]
requires-dist = [
    { name = "nltk", specifier = ">=3.9.1" },
    { name = "numpy", specifier = ">=2.3.1" },
    { name = "pytest", specifier = ">=8.4.1" },
]

[[package]]
name = "tqdm"
version = "4.67.1"
source = { registry = "https://pypi.org/simple" }
dependencies = [
    { name = "colorama", marker = "sys_platform == 'win32'" },
]
sdist = { url = "https://files.pythonhosted.org/packages/a8/4b/29b4ef32e036bb34e4ab51796dd745cdba7ed47ad142a9f4a1eb8e0c744d/tqdm-4.67.1.tar.gz", hash = "sha256:f8aef9c52c08c13a65f30ea34f4e5aac3fd1a34959879d7e59e63027286627f2", size = 169737, upload-time = "2024-11-24T20:12:22.481Z" }
wheels = [
    { url = "https://files.pythonhosted.org/packages/d0/30/dc54f88dd4a2b5dc8a0279bdd7270e735851848b762aeb1c1184ed1f6b14/tqdm-4.67.1-py3-none-any.whl", hash = "sha256:26445eca388f82e72884e0d580d5464cd801a3ea01e63e5601bdff9ba6a48de2", size = 78540, upload-time = "2024-11-24T20:12:19.698Z" },
]
